
Microsoft Visual Studio Solution File, Format Version 12.00
# Visual Studio Version 16
VisualStudioVersion = 16.0.29509.3
MinimumVisualStudioVersion = 10.0.40219.1
Project("{9A19103F-16F7-4668-BE54-9A1E7A4F7556}") = "Dapper.CX.Base", "Dapper.TinyCrud.Base\Dapper.CX.Base.csproj", "{4BCF5CF0-C0C3-47C8-8AC3-697BAB69C127}"
EndProject
Project("{9A19103F-16F7-4668-BE54-9A1E7A4F7556}") = "Dapper.TinyCrud.SqlServer", "Dapper.TinyCrud.SqlServer\Dapper.TinyCrud.SqlServer.csproj", "{F80BC70A-1EFD-467A-87C1-615706EA5D18}"
EndProject
Project("{9A19103F-16F7-4668-BE54-9A1E7A4F7556}") = "Tests", "Tests\Tests.csproj", "{86ADF60D-DBE8-4F6C-9809-C3A5A91FCED1}"
EndProject
Global
	GlobalSection(SolutionConfigurationPlatforms) = preSolution
		Debug|Any CPU = Debug|Any CPU
		Release|Any CPU = Release|Any CPU
	EndGlobalSection
	GlobalSection(ProjectConfigurationPlatforms) = postSolution
		{4BCF5CF0-C0C3-47C8-8AC3-697BAB69C127}.Debug|Any CPU.ActiveCfg = Debug|Any CPU
		{4BCF5CF0-C0C3-47C8-8AC3-697BAB69C127}.Debug|Any CPU.Build.0 = Debug|Any CPU
		{4BCF5CF0-C0C3-47C8-8AC3-697BAB69C127}.Release|Any CPU.ActiveCfg = Release|Any CPU
		{4BCF5CF0-C0C3-47C8-8AC3-697BAB69C127}.Release|Any CPU.Build.0 = Release|Any CPU
		{F80BC70A-1EFD-467A-87C1-615706EA5D18}.Debug|Any CPU.ActiveCfg = Debug|Any CPU
		{F80BC70A-1EFD-467A-87C1-615706EA5D18}.Debug|Any CPU.Build.0 = Debug|Any CPU
		{F80BC70A-1EFD-467A-87C1-615706EA5D18}.Release|Any CPU.ActiveCfg = Release|Any CPU
		{F80BC70A-1EFD-467A-87C1-615706EA5D18}.Release|Any CPU.Build.0 = Release|Any CPU
		{86ADF60D-DBE8-4F6C-9809-C3A5A91FCED1}.Debug|Any CPU.ActiveCfg = Debug|Any CPU
		{86ADF60D-DBE8-4F6C-9809-C3A5A91FCED1}.Debug|Any CPU.Build.0 = Debug|Any CPU
		{86ADF60D-DBE8-4F6C-9809-C3A5A91FCED1}.Release|Any CPU.ActiveCfg = Release|Any CPU
		{86ADF60D-DBE8-4F6C-9809-C3A5A91FCED1}.Release|Any CPU.Build.0 = Release|Any CPU
	EndGlobalSection
	GlobalSection(SolutionProperties) = preSolution
		HideSolutionNode = FALSE
	EndGlobalSection
	GlobalSection(ExtensibilityGlobals) = postSolution
		SolutionGuid = {782B71FA-90B6-4EB3-8FBC-B0E61A86A6AD}
	EndGlobalSection
EndGlobal
